
Microsoft Visual Studio Solution File, Format Version 12.00
# Visual Studio 15
VisualStudioVersion = 15.0.28307.779
MinimumVisualStudioVersion = 10.0.40219.1
Project("{FAE04EC0-301F-11D3-BF4B-00C04F79EFBC}") = "Proy_Anime2021", "Proy_Anime2021\Proy_Anime2021.csproj", "{0756A944-2C68-4C23-A51D-77BA16DA0629}"
EndProject
Project("{FAE04EC0-301F-11D3-BF4B-00C04F79EFBC}") = "Sincronizatr", "Sincronizatr\Sincronizatr.csproj", "{7FF851CF-4278-403A-8228-CFCA0A790256}"
EndProject
Global
	GlobalSection(SolutionConfigurationPlatforms) = preSolution
		Debug|Any CPU = Debug|Any CPU
		Release|Any CPU = Release|Any CPU
	EndGlobalSection
	GlobalSection(ProjectConfigurationPlatforms) = postSolution
		{0756A944-2C68-4C23-A51D-77BA16DA0629}.Debug|Any CPU.ActiveCfg = Debug|Any CPU
		{0756A944-2C68-4C23-A51D-77BA16DA0629}.Debug|Any CPU.Build.0 = Debug|Any CPU
		{0756A944-2C68-4C23-A51D-77BA16DA0629}.Release|Any CPU.ActiveCfg = Release|Any CPU
		{0756A944-2C68-4C23-A51D-77BA16DA0629}.Release|Any CPU.Build.0 = Release|Any CPU
		{7FF851CF-4278-403A-8228-CFCA0A790256}.Debug|Any CPU.ActiveCfg = Debug|Any CPU
		{7FF851CF-4278-403A-8228-CFCA0A790256}.Debug|Any CPU.Build.0 = Debug|Any CPU
		{7FF851CF-4278-403A-8228-CFCA0A790256}.Release|Any CPU.ActiveCfg = Release|Any CPU
		{7FF851CF-4278-403A-8228-CFCA0A790256}.Release|Any CPU.Build.0 = Release|Any CPU
	EndGlobalSection
	GlobalSection(SolutionProperties) = preSolution
		HideSolutionNode = FALSE
	EndGlobalSection
	GlobalSection(ExtensibilityGlobals) = postSolution
		SolutionGuid = {5BD60F41-9396-4BB1-B6A8-0807A4787220}
	EndGlobalSection
EndGlobal
